# THIS IS AN AUTOGENERATED FILE. DO NOT EDIT THIS FILE DIRECTLY.
# yarn lockfile v1


"@babel/runtime@^7.9.2":
  "integrity" "sha512-WBwekcqacdY2e9AF/Q7WLFUWmdJGJTkbjqTjoMDgXkVZ3ZRUvOPsLb5KdwISoQVsbP+DQzVZW4Zhci0DvpbNTQ=="
  "resolved" "https://registry.npmjs.org/@babel/runtime/-/runtime-7.16.3.tgz"
  "version" "7.16.3"
  dependencies:
    "regenerator-runtime" "^0.13.4"

"@edsilv/http-status-codes@^1.0.3", "@edsilv/http-status-codes@1.0.3":
  "integrity" "sha512-HLK2FS5sZqxPqD53D6hhZxC6C8THTVwlyZDZ7J0iWsrB8JmMA69m/CQuNKZc1kki9WSVeck2fXna26NL0SE7cg=="
  "resolved" "https://registry.npmjs.org/@edsilv/http-status-codes/-/http-status-codes-1.0.3.tgz"
  "version" "1.0.3"

"@edsilv/jquery-plugins@^1.0.9":
  "integrity" "sha512-XdvY2HHXe5Tgv/v/zog+mdD6MgeA9Q7O9nZ462tqahNN9+GTElGXW6K+SDf5oPtaPAkAB1NeXaGGFpuq6oQd3Q=="
  "resolved" "https://registry.npmjs.org/@edsilv/jquery-plugins/-/jquery-plugins-1.0.9.tgz"
  "version" "1.0.9"

"@edsilv/jquery-plugins@1.0.7":
  "integrity" "sha512-lz+Rsax7QrBEnHI+WwZ+A4jxqLypTl6RvKP5jI3P2vxG3975fTj2qOvxl1/npxuJ7wCerrvYcBqwZd743iPSdg=="
  "resolved" "https://registry.npmjs.org/@edsilv/jquery-plugins/-/jquery-plugins-1.0.7.tgz"
  "version" "1.0.7"

"@edsilv/key-codes@0.1.1":
  "integrity" "sha512-mSDgQXsHD55C1+qu5MYORrWXndzVn7ecOWt3b7bGenIOVpkWMrnd2V4I8nKYcSOE0+lBCjuZ4jS63c2gWzarIg=="
  "resolved" "https://registry.npmjs.org/@edsilv/key-codes/-/key-codes-0.1.1.tgz"
  "version" "0.1.1"

"@edsilv/key-codes@1.0.0":
  "integrity" "sha512-L4w4xW7u8Gqd1Nsr0S7Q/H+HTHTkiwgZT6cFKPPlw6Fo6lk31hTufdIaYJ9RNk8c05nLAnn2ZI1DzQwIDr6+iA=="
  "resolved" "https://registry.npmjs.org/@edsilv/key-codes/-/key-codes-1.0.0.tgz"
  "version" "1.0.0"

"@edsilv/stencil-redux@0.1.1":
  "integrity" "sha512-J6ArTAknSpunDNMmT41tplg3SdK9kyk3o9nGSc/WMj73nB/m8W2eqYK+loyUrpcNZ3f8IBkcH+xUsdd90vk53w=="
  "resolved" "https://registry.npmjs.org/@edsilv/stencil-redux/-/stencil-redux-0.1.1.tgz"
  "version" "0.1.1"

"@edsilv/utils@^1.0.2", "@edsilv/utils@1.0.2":
  "integrity" "sha512-sSq1Rcixz/X1GoL9Bf1LdAZ4icfxXARj5RgysG2eJhSuM/7QXZEbOzoayo/DJro1qJgC4j8oXCneSeKuN9qa+A=="
  "resolved" "https://registry.npmjs.org/@edsilv/utils/-/utils-1.0.2.tgz"
  "version" "1.0.2"
  dependencies:
    "@types/jquery" "^2.0.40"
    "@types/node" "8.10.52"

"@google/model-viewer@1.2.1":
  "integrity" "sha512-ODlQF0QaEqlLuAIPVvJiURnyVARahf4Kj4fBVxYFtTNg60eOyvuDib+bRyWgETUuScBPG0+hn15hMPwDId1oLg=="
  "resolved" "https://registry.npmjs.org/@google/model-viewer/-/model-viewer-1.2.1.tgz"
  "version" "1.2.1"

"@iiif/base-component@2.*", "@iiif/base-component@2.0.1":
  "integrity" "sha512-BbIyUinIYMfre6hZYLjkhXjlt6KB9yEuO3onUQcOatBmepe8cTFNov16GzwgMcNXU2tvzCXuZLSN73Nf1295BA=="
  "resolved" "https://registry.npmjs.org/@iiif/base-component/-/base-component-2.0.1.tgz"
  "version" "2.0.1"
  dependencies:
    "@types/node" "8.10.52"

"@iiif/iiif-av-component@^1.1.7":
  "integrity" "sha512-Jgw6zr1J5adbL7lZIfKPUriEEHT2JTrxALcKD5yThZifLmkJLfmmNmfS85MaUjnTZziaGY1MrmHu2rkwrRqfxw=="
  "resolved" "https://registry.npmjs.org/@iiif/iiif-av-component/-/iiif-av-component-1.1.7.tgz"
  "version" "1.1.7"
  dependencies:
    "@iiif/base-component" "2.*"
    "@iiif/manifold" "^2.0.5"
    "@types/jquery" "2.0.34"
    "@types/jqueryui" "^1.11.36"
    "css-loader" "^5.2.7"
    "dashjs" "2.6.7"
    "jquery" "^3.5.0"
    "jquery-ui-dist" "^1.12.1"
    "less-loader" "^7.3.0"
    "manifesto.js" "^4.2.4"
    "style-loader" "^2.0.0"
    "url-loader" "^4.1.1"
    "waveform-data" "^2.0.1"

"@iiif/iiif-gallery-component@1.1.19":
  "integrity" "sha512-OHB3G0KvivufnR/9UVK9r/bb/tI8aWdfd7SvIrllZjsopAfAru2GUI+JKCko38oIk41682zVkMty2x6fSFYOYQ=="
  "resolved" "https://registry.npmjs.org/@iiif/iiif-gallery-component/-/iiif-gallery-component-1.1.19.tgz"
  "version" "1.1.19"
  dependencies:
    "@edsilv/jquery-plugins" "1.0.7"
    "@edsilv/utils" "1.0.2"
    "@iiif/base-component" "2.0.1"
    "@iiif/manifold" "2.0.2"
    "@iiif/vocabulary" "1.0.11"
    "@types/jquery" "3.3.14"
    "manifesto.js" "4.0.1"

"@iiif/iiif-metadata-component@^1.1.19":
  "integrity" "sha512-ghrejvw2aTIZOFGay82dmz0LewMt0K5Dyto1veZMdAqhRUuuGFC7g9DZhGZn4238XHuOsHa6QUH2ymvmZMCPBw=="
  "resolved" "https://registry.npmjs.org/@iiif/iiif-metadata-component/-/iiif-metadata-component-1.1.19.tgz"
  "version" "1.1.19"
  dependencies:
    "@edsilv/jquery-plugins" "1.0.7"
    "@edsilv/utils" "1.0.2"
    "@iiif/base-component" "2.0.1"
    "@iiif/manifold" "2.0.2"
    "@iiif/vocabulary" "1.0.11"
    "@types/jquery" "3.3.14"
    "manifesto.js" "4.0.1"

"@iiif/iiif-tree-component@^2.0.3":
  "integrity" "sha512-QRLgU1uwLZuPBDnKKVgjmXi88/Eevn0o/Tfrd8zFdTs+40iSEamzGpBQD3HLg02FC8TfTNAQPQjk8zEJXuWXTA=="
  "resolved" "https://registry.npmjs.org/@iiif/iiif-tree-component/-/iiif-tree-component-2.0.3.tgz"
  "version" "2.0.3"
  dependencies:
    "@iiif/base-component" "2.0.1"
    "@iiif/manifold" "2.0.2"
    "@types/jquery" "2.0.34"
    "manifesto.js" "4.0.1"

"@iiif/manifold@^2.0.5":
  "integrity" "sha512-MSq3mVgGmIsrr/Qjks6bcBrgg3TxWLceSq+Nr0cIbUdmzIqb4qqw/Pf8LkW9JVnbi39JWAGmqgTe1cbi6WXL+g=="
  "resolved" "https://registry.npmjs.org/@iiif/manifold/-/manifold-2.0.6.tgz"
  "version" "2.0.6"
  dependencies:
    "@edsilv/http-status-codes" "^1.0.3"
    "@iiif/vocabulary" "^1.0.20"
    "manifesto.js" "^4.2.4"

"@iiif/manifold@2.0.2":
  "integrity" "sha512-wZL7JzIGL09O1yIdaI+5tGuwhtIjOyL1SJN8mHsBiRKZqahDtsp/BkDQA7xM8XzDBzUhvobYNRuLnfZ1fQTJ2Q=="
  "resolved" "https://registry.npmjs.org/@iiif/manifold/-/manifold-2.0.2.tgz"
  "version" "2.0.2"
  dependencies:
    "@edsilv/http-status-codes" "^1.0.3"
    "@iiif/vocabulary" "^1.0.11"
    "manifesto.js" "4.0.1"

"@iiif/manifold@2.0.5":
  "integrity" "sha512-0YOXLy/lqxM9dscP636vzAgpPq75DkYl80RrYvYG+b19LWioMKfsivZm3foftdqaA6g3jUDQ49GFlZnUHem4Eg=="
  "resolved" "https://registry.npmjs.org/@iiif/manifold/-/manifold-2.0.5.tgz"
  "version" "2.0.5"
  dependencies:
    "@edsilv/http-status-codes" "^1.0.3"
    "@iiif/vocabulary" "^1.0.20"
    "manifesto.js" "^4.2.4"

"@iiif/vocabulary@^1.0.11", "@iiif/vocabulary@^1.0.20", "@iiif/vocabulary@^1.0.21":
  "integrity" "sha512-XUD8RYeBiEzv8rdpC9tNBaQ0FMZuGWIkPsmcFhnqXW+5WjZmRLhgqycuoGwIjxt9nPsDgW1IxuiWduNgbLl9UA=="
  "resolved" "https://registry.npmjs.org/@iiif/vocabulary/-/vocabulary-1.0.21.tgz"
  "version" "1.0.21"

"@iiif/vocabulary@1.0.11":
  "integrity" "sha512-JjPbZ+SCn0ljsfs9Nf0U1OWNZK7tauw7iHezDJA+28AAzmMwpFS/lTOe/4N0ynZsnk4x7cA9NL6CK3K0zDd50w=="
  "resolved" "https://registry.npmjs.org/@iiif/vocabulary/-/vocabulary-1.0.11.tgz"
  "version" "1.0.11"

"@ionic/core@^4.11.5":
  "integrity" "sha512-EGin45jCjds4P1AvriujxzpIXKQzQrPQyQAgEEwUybhMNcU/9xC1sf2inG1IwMVdsc6XRBYjWvtqMPWxTWmeCw=="
  "resolved" "https://registry.npmjs.org/@ionic/core/-/core-4.11.13.tgz"
  "version" "4.11.13"
  dependencies:
    "ionicons" "^4.6.3"
    "tslib" "^1.10.0"

"@types/jquery@*", "@types/jquery@^2.0.40":
  "integrity" "sha512-QUJ5wVL8iTZofgZjCfVnHxcMqqPPLfVfEKe8rfksMdmSmqEenpcpEBQO45VSSfng/tunwoLF+3I8rzEzVhYNLQ=="
  "resolved" "https://registry.npmjs.org/@types/jquery/-/jquery-2.0.57.tgz"
  "version" "2.0.57"

"@types/jquery@2.0.34":
  "integrity" "sha1-J2FbNp8w5XIzYSZRTnRnLdpuPQQ="
  "resolved" "https://registry.npmjs.org/@types/jquery/-/jquery-2.0.34.tgz"
  "version" "2.0.34"

"@types/jquery@3.3.14":
  "integrity" "sha512-M6m6Xm6RtsmYOlGk7YS0D7T19Axsc3x30+Mj9b7Fqb4c7c2hPmvBJsrMmuhwJy96iSx/3BQkOmbtEKijs2iQPg=="
  "resolved" "https://registry.npmjs.org/@types/jquery/-/jquery-3.3.14.tgz"
  "version" "3.3.14"
  dependencies:
    "@types/sizzle" "*"

"@types/jqueryui@^1.11.36":
  "integrity" "sha512-6huAQDpNlso9ayaUT9amBOA3kj02OCeUWs+UvDmbaJmwkHSg/HLsQOoap/D5uveN9ePwl72N45Bl+Frp5xyG1Q=="
  "resolved" "https://registry.npmjs.org/@types/jqueryui/-/jqueryui-1.12.16.tgz"
  "version" "1.12.16"
  dependencies:
    "@types/jquery" "*"

"@types/json-schema@^7.0.8":
  "integrity" "sha512-qcUXuemtEu+E5wZSJHNxUXeCZhAfXKQ41D+duX+VYPde7xyEVZci+/oXKJL13tnRs9lR2pr4fod59GT6/X1/yQ=="
  "resolved" "https://registry.npmjs.org/@types/json-schema/-/json-schema-7.0.9.tgz"
  "version" "7.0.9"

"@types/jszip@^3.1.4":
  "integrity" "sha512-TezXjmf3lj+zQ651r6hPqvSScqBLvyPI9FxdXBqpEwBijNGQ2NXpaFW/7joGzveYkKQUil7iiDHLo6LV71Pc0A=="
  "resolved" "https://registry.npmjs.org/@types/jszip/-/jszip-3.4.1.tgz"
  "version" "3.4.1"
  dependencies:
    "jszip" "*"

"@types/localforage@0.0.34":
  "integrity" "sha1-XjHDLdh5HsS5/z70fJy1Wy0NlDg="
  "resolved" "https://registry.npmjs.org/@types/localforage/-/localforage-0.0.34.tgz"
  "version" "0.0.34"
  dependencies:
    "localforage" "*"

"@types/node@8.10.52":
  "integrity" "sha512-2RbW7WXeLex6RI+kQSxq6Ym0GiVcODeQ4Km7MnnTX5BHdOGQnqVa+s6AUmAW+OFYAJ8wv9QxvNZXm7/kBdGTVw=="
  "resolved" "https://registry.npmjs.org/@types/node/-/node-8.10.52.tgz"
  "version" "8.10.52"

"@types/sizzle@*":
  "integrity" "sha512-JYM8x9EGF163bEyhdJBpR2QX1R5naCJHC8ucJylJ3w9/CVBaskdQ8WqBf8MmQrd1kRvp/a4TS8HJ+bxzR7ZJYQ=="
  "resolved" "https://registry.npmjs.org/@types/sizzle/-/sizzle-2.3.3.tgz"
  "version" "2.3.3"

"@universalviewer/aleph@0.0.15":
  "integrity" "sha512-7iIN+Y5NWCo1I/0V81g2bxi7o5k3HiwzgPWaKebuc5oG+m0t5XJ+XA+q5p5XeTO+QOGoxPwlC4OeLosRhOz2Xw=="
  "resolved" "https://registry.npmjs.org/@universalviewer/aleph/-/aleph-0.0.15.tgz"
  "version" "0.0.15"
  dependencies:
    "@edsilv/key-codes" "0.1.1"
    "@edsilv/stencil-redux" "0.1.1"
    "@ionic/core" "^4.11.5"
    "redux" "^4.0.1"
    "redux-logger" "3.0.6"
    "redux-thunk" "2.3.0"
    "threejs-meshline" "^2.0.11"

"@universalviewer/epubjs@^0.3.85-uv.17":
  "integrity" "sha512-TtSzKIo7NgSGlE/IJY4u6sCN8ElTrIJCMT8MLmIaWHWlGvs560XRuHAuq3QHqCX1zSfU0BvuFyEAQtfwyPnLVA=="
  "resolved" "https://registry.npmjs.org/@universalviewer/epubjs/-/epubjs-0.3.85-uv.17.tgz"
  "version" "0.3.85-uv.17"
  dependencies:
    "@types/jszip" "^3.1.4"
    "@types/localforage" "0.0.34"
    "cross-env" "^6.0.3"
    "event-emitter" "^0.3.5"
    "jszip" "^3.1.5"
    "localforage" "^1.7.2"
    "lodash" "^4.17.10"
    "marks-pane" "^1.0.9"
    "path-webpack" "0.0.3"
    "stream-browserify" "^2.0.1"
    "url-polyfill" "^1.1.3"
    "xmldom" "^0.1.27"

"@universalviewer/uv-ebook-components@1.0.2":
  "integrity" "sha512-N27dNj8GRATz2J9MRrtAPEmoJB8zqmzxN+cAqAxCT8dCtmKaYVT7c2doOE9qwuLw7TYwa7hJBihu+Qld1NlKFg=="
  "resolved" "https://registry.npmjs.org/@universalviewer/uv-ebook-components/-/uv-ebook-components-1.0.2.tgz"
  "version" "1.0.2"
  dependencies:
    "@universalviewer/epubjs" "^0.3.85-uv.17"
    "jszip" "^3.2.2"

"@webcomponents/webcomponentsjs@^2.4.3":
  "integrity" "sha512-Moog+Smx3ORTbWwuPqoclr+uvfLnciVd6wdCaVscHPrxbmQ/IJKm3wbB7hpzJtXWjAq2l/6QMlO85aZiOdtv5Q=="
  "resolved" "https://registry.npmjs.org/@webcomponents/webcomponentsjs/-/webcomponentsjs-2.6.0.tgz"
  "version" "2.6.0"

"ajv-keywords@^3.1.0", "ajv-keywords@^3.5.2":
  "integrity" "sha512-5p6WTN0DdTGVQk6VjcEju19IgaHudalcfabD7yhDGeA6bcQnmL+CpveLJq/3hvfwd1aof6L386Ougkx6RfyMIQ=="
  "resolved" "https://registry.npmjs.org/ajv-keywords/-/ajv-keywords-3.5.2.tgz"
  "version" "3.5.2"

"ajv@^6.1.0", "ajv@^6.12.5", "ajv@^6.9.1":
  "integrity" "sha512-j3fVLgvTo527anyYyJOGTYJbG+vnnQYvE0m5mmkc1TK+nxAppkCLMIL0aZ4dblVCNoGShhm+kzE4ZUykBoMg4g=="
  "resolved" "https://registry.npmjs.org/ajv/-/ajv-6.12.6.tgz"
  "version" "6.12.6"
  dependencies:
    "fast-deep-equal" "^3.1.1"
    "fast-json-stable-stringify" "^2.0.0"
    "json-schema-traverse" "^0.4.1"
    "uri-js" "^4.2.2"

"balanced-match@^1.0.0":
  "integrity" "sha512-3oSeUO0TMV67hN1AmbXsK4yaqU7tjiHlbxRDZOpH0KW9+CeX4bRAaX0Anxt0tx2MrpRpWwQaPwIlISEJhYU5Pw=="
  "resolved" "https://registry.npmjs.org/balanced-match/-/balanced-match-1.0.2.tgz"
  "version" "1.0.2"

"big.js@^5.2.2":
  "integrity" "sha512-vyL2OymJxmarO8gxMr0mhChsO9QGwhynfuu4+MHTAW6czfq9humCB7rKpUjDd9YUiDPU4mzpyupFSvOClAwbmQ=="
  "resolved" "https://registry.npmjs.org/big.js/-/big.js-5.2.2.tgz"
  "version" "5.2.2"

"brace-expansion@^1.1.7":
  "integrity" "sha512-iCuPHDFgrHX7H2vEI/5xpz07zSHB00TpugqhmYtVmMO6518mCuRMoOYFldEBl0g187ufozdaHgWKcYFb61qGiA=="
  "resolved" "https://registry.npmjs.org/brace-expansion/-/brace-expansion-1.1.11.tgz"
  "version" "1.1.11"
  dependencies:
    "balanced-match" "^1.0.0"
    "concat-map" "0.0.1"

"codem-isoboxer@0.3.5":
  "integrity" "sha512-F+OY4gCwxe+YnsqOkQTPrnRqoncAUmxqXNdgmuCE3Omvl3WQ9WLvhSJUZ0IGJljoxkdwpCQdPdcdMEPJnOQ1Ow=="
  "resolved" "https://registry.npmjs.org/codem-isoboxer/-/codem-isoboxer-0.3.5.tgz"
  "version" "0.3.5"

"commander@^2.9.0":
  "integrity" "sha512-GpVkmM8vF2vQUkj2LvZmD35JxeJOLCwJ9cUkugyk2nuhbv3+mJvpLYYt+0+USMxE+oj+ey/lJEnhZw75x/OMcQ=="
  "resolved" "https://registry.npmjs.org/commander/-/commander-2.20.3.tgz"
  "version" "2.20.3"

"concat-map@0.0.1":
  "integrity" "sha1-2Klr13/Wjfd5OnMDajug1UBdR3s="
  "resolved" "https://registry.npmjs.org/concat-map/-/concat-map-0.0.1.tgz"
  "version" "0.0.1"

"core-util-is@~1.0.0":
  "integrity" "sha1-tf1UIgqivFq1eqtxQMlAdUUDwac="
  "resolved" "https://registry.npmjs.org/core-util-is/-/core-util-is-1.0.2.tgz"
  "version" "1.0.2"

"cross-env@^6.0.3":
  "integrity" "sha512-+KqxF6LCvfhWvADcDPqo64yVIB31gv/jQulX2NGzKS/g3GEVz6/pt4wjHFtFWsHMddebWD/sDthJemzM4MaAag=="
  "resolved" "https://registry.npmjs.org/cross-env/-/cross-env-6.0.3.tgz"
  "version" "6.0.3"
  dependencies:
    "cross-spawn" "^7.0.0"

"cross-spawn@^7.0.0":
  "integrity" "sha512-iRDPJKUPVEND7dHPO8rkbOnPpyDygcDFtWjpeWNCgy8WP2rXcxXL8TskReQl6OrB2G7+UJrags1q15Fudc7G6w=="
  "resolved" "https://registry.npmjs.org/cross-spawn/-/cross-spawn-7.0.3.tgz"
  "version" "7.0.3"
  dependencies:
    "path-key" "^3.1.0"
    "shebang-command" "^2.0.0"
    "which" "^2.0.1"

"css-loader@^5.2.7":
  "integrity" "sha512-Q7mOvpBNBG7YrVGMxRxcBJZFL75o+cH2abNASdibkj/fffYD8qWbInZrD0S9ccI6vZclF3DsHE7njGlLtaHbhg=="
  "resolved" "https://registry.npmjs.org/css-loader/-/css-loader-5.2.7.tgz"
  "version" "5.2.7"
  dependencies:
    "icss-utils" "^5.1.0"
    "loader-utils" "^2.0.0"
    "postcss" "^8.2.15"
    "postcss-modules-extract-imports" "^3.0.0"
    "postcss-modules-local-by-default" "^4.0.0"
    "postcss-modules-scope" "^3.0.0"
    "postcss-modules-values" "^4.0.0"
    "postcss-value-parser" "^4.1.0"
    "schema-utils" "^3.0.0"
    "semver" "^7.3.5"

"cssesc@^3.0.0":
  "integrity" "sha512-/Tb/JcjK111nNScGob5MNtsntNM1aCNUDipB/TkwZFhyDrrE47SOx/18wF2bbjgc3ZzCSKW1T5nt5EbFoAz/Vg=="
  "resolved" "https://registry.npmjs.org/cssesc/-/cssesc-3.0.0.tgz"
  "version" "3.0.0"

"cssfilter@0.0.10":
  "integrity" "sha1-xtJnJjKi5cg+AT5oZKQs6N79IK4="
  "resolved" "https://registry.npmjs.org/cssfilter/-/cssfilter-0.0.10.tgz"
  "version" "0.0.10"

"d@^1.0.1", "d@1":
  "integrity" "sha512-m62ShEObQ39CfralilEQRjH6oAMtNCV1xJyEx5LpRYUVN+EviphDgUc/F3hnYbADmkiNs67Y+3ylmlG7Lnu+FA=="
  "resolved" "https://registry.npmjs.org/d/-/d-1.0.1.tgz"
  "version" "1.0.1"
  dependencies:
    "es5-ext" "^0.10.50"
    "type" "^1.0.1"

"dashjs@2.6.7":
  "integrity" "sha512-SzGyRZ6Lr8COz6gDuOWZhqjoY+4a8uQw5Vd/Q5H96mC0PX1SQBtvQsLtZyVXRYsVKLXhHQhX2WS7ZghgNHyfWw=="
  "resolved" "https://registry.npmjs.org/dashjs/-/dashjs-2.6.7.tgz"
  "version" "2.6.7"
  dependencies:
    "codem-isoboxer" "0.3.5"
    "fast-deep-equal" "1.1.0"
    "imsc" "^1.0.1-rc.1"
    "round10" "^1.0.3"

"deep-diff@^0.3.5":
  "integrity" "sha1-wB3mPvsO7JeYgB1Ax+Da4ltYLIQ="
  "resolved" "https://registry.npmjs.org/deep-diff/-/deep-diff-0.3.8.tgz"
  "version" "0.3.8"

"dom-walk@^0.1.0":
  "integrity" "sha512-6QvTW9mrGeIegrFXdtQi9pk7O/nSK6lSdXW2eqUspN5LWD7UTji2Fqw5V2YLjBpHEoU9Xl/eUWNpDeZvoyOv2w=="
  "resolved" "https://registry.npmjs.org/dom-walk/-/dom-walk-0.1.2.tgz"
  "version" "0.1.2"

"emojis-list@^3.0.0":
  "integrity" "sha512-/kyM18EfinwXZbno9FyUGeFh87KC8HRQBQGildHZbEuRyWFOmv1U10o9BBp8XVZDVNNuQKyIGIu5ZYAAXJ0V2Q=="
  "resolved" "https://registry.npmjs.org/emojis-list/-/emojis-list-3.0.0.tgz"
  "version" "3.0.0"

"es5-ext@^0.10.35", "es5-ext@^0.10.50", "es5-ext@~0.10.14":
  "integrity" "sha512-Xs2Stw6NiNHWypzRTY1MtaG/uJlwCk8kH81920ma8mvN8Xq1gsfhZvpkImLQArw8AHnv8MT2I45J3c0R8slE+Q=="
  "resolved" "https://registry.npmjs.org/es5-ext/-/es5-ext-0.10.53.tgz"
  "version" "0.10.53"
  dependencies:
    "es6-iterator" "~2.0.3"
    "es6-symbol" "~3.1.3"
    "next-tick" "~1.0.0"

"es6-iterator@~2.0.3":
  "integrity" "sha1-p96IkUGgWpSwhUQDstCg+/qY87c="
  "resolved" "https://registry.npmjs.org/es6-iterator/-/es6-iterator-2.0.3.tgz"
  "version" "2.0.3"
  dependencies:
    "d" "1"
    "es5-ext" "^0.10.35"
    "es6-symbol" "^3.1.1"

"es6-symbol@^3.1.1", "es6-symbol@~3.1.3":
  "integrity" "sha512-NJ6Yn3FuDinBaBRWl/q5X/s4koRHBrgKAu+yGI6JCBeiu3qrcbJhwT2GeR/EXVfylRk8dpQVJoLEFhK+Mu31NA=="
  "resolved" "https://registry.npmjs.org/es6-symbol/-/es6-symbol-3.1.3.tgz"
  "version" "3.1.3"
  dependencies:
    "d" "^1.0.1"
    "ext" "^1.1.2"

"event-emitter@^0.3.5":
  "integrity" "sha1-34xp7vFkeSPHFXuc6DhAYQsCzDk="
  "resolved" "https://registry.npmjs.org/event-emitter/-/event-emitter-0.3.5.tgz"
  "version" "0.3.5"
  dependencies:
    "d" "1"
    "es5-ext" "~0.10.14"

"ext@^1.1.2":
  "integrity" "sha512-sdBImtzkq2HpkdRLtlLWDa6w4DX22ijZLKx8BMPUuKe1c5lbN6xwQDQCxSfxBQnHZ13ls/FH0MQZx/q/gr6FQg=="
  "resolved" "https://registry.npmjs.org/ext/-/ext-1.6.0.tgz"
  "version" "1.6.0"
  dependencies:
    "type" "^2.5.0"

"fast-deep-equal@^3.1.1":
  "integrity" "sha512-f3qQ9oQy9j2AhBe/H9VC91wLmKBCCU/gDOnKNAYG5hswO7BLKj09Hc5HYNz9cGI++xlpDCIgDaitVs03ATR84Q=="
  "resolved" "https://registry.npmjs.org/fast-deep-equal/-/fast-deep-equal-3.1.3.tgz"
  "version" "3.1.3"

"fast-deep-equal@1.1.0":
  "integrity" "sha1-wFNHeBfIa1HaqFPIHgWbcz0CNhQ="
  "resolved" "https://registry.npmjs.org/fast-deep-equal/-/fast-deep-equal-1.1.0.tgz"
  "version" "1.1.0"

"fast-json-stable-stringify@^2.0.0":
  "integrity" "sha512-lhd/wF+Lk98HZoTCtlVraHtfh5XYijIjalXck7saUtuanSDyLMxnHhSXEDJqHxD7msR8D0uCmqlkwjCV8xvwHw=="
  "resolved" "https://registry.npmjs.org/fast-json-stable-stringify/-/fast-json-stable-stringify-2.1.0.tgz"
  "version" "2.1.0"

"file-saver@1.3.3":
  "integrity" "sha1-zdTETTqiZOrC9o7BZbx5HDSvEjI="
  "resolved" "https://registry.npmjs.org/file-saver/-/file-saver-1.3.3.tgz"
  "version" "1.3.3"

"fs.realpath@^1.0.0":
  "integrity" "sha1-FQStJSMVjKpA20onh8sBQRmU6k8="
  "resolved" "https://registry.npmjs.org/fs.realpath/-/fs.realpath-1.0.0.tgz"
  "version" "1.0.0"

"function-bind@^1.1.1":
  "integrity" "sha512-yIovAzMX49sF8Yl58fSCWJ5svSLuaibPxXQJFLmBObTuCr0Mf1KiPopGM9NiFjiYBCbfaa2Fh6breQ6ANVTI0A=="
  "resolved" "https://registry.npmjs.org/function-bind/-/function-bind-1.1.1.tgz"
  "version" "1.1.1"

"gl-matrix@2.3.2":
  "integrity" "sha1-qsgIx0r31dsF/gTLYMoaD8sXTXQ="
  "resolved" "https://registry.npmjs.org/gl-matrix/-/gl-matrix-2.3.2.tgz"
  "version" "2.3.2"

"glob@^7.0.0":
  "integrity" "sha512-lmLf6gtyrPq8tTjSmrO94wBeQbFR3HbLHbuyD69wuyQkImp2hWqMGB47OX65FBkPffO641IP9jWa1z4ivqG26Q=="
  "resolved" "https://registry.npmjs.org/glob/-/glob-7.2.0.tgz"
  "version" "7.2.0"
  dependencies:
    "fs.realpath" "^1.0.0"
    "inflight" "^1.0.4"
    "inherits" "2"
    "minimatch" "^3.0.4"
    "once" "^1.3.0"
    "path-is-absolute" "^1.0.0"

"global@^4.3.1":
  "integrity" "sha512-wv/LAoHdRE3BeTGz53FAamhGlPLhlssK45usmGFThIi4XqnBmjKQ16u+RNbP7WvigRZDxUsM0J3gcQ5yicaL0w=="
  "resolved" "https://registry.npmjs.org/global/-/global-4.4.0.tgz"
  "version" "4.4.0"
  dependencies:
    "min-document" "^2.19.0"
    "process" "^0.11.10"

"has@^1.0.3":
  "integrity" "sha512-f2dvO0VU6Oej7RkWJGrehjbzMAjFp5/VKPp5tTpWIV4JHHZK1/BxbFRtf/siA2SWTe09caDmVtYYzWEIbBS4zw=="
  "resolved" "https://registry.npmjs.org/has/-/has-1.0.3.tgz"
  "version" "1.0.3"
  dependencies:
    "function-bind" "^1.1.1"

"icss-utils@^5.0.0", "icss-utils@^5.1.0":
  "integrity" "sha512-soFhflCVWLfRNOPU3iv5Z9VUdT44xFRbzjLsEzSr5AQmgqPMTHdU3PMT1Cf1ssx8fLNJDA1juftYl+PUcv3MqA=="
  "resolved" "https://registry.npmjs.org/icss-utils/-/icss-utils-5.1.0.tgz"
  "version" "5.1.0"

"immediate@~3.0.5":
  "integrity" "sha1-nbHb0Pr43m++D13V5Wu2BigN5ps="
  "resolved" "https://registry.npmjs.org/immediate/-/immediate-3.0.6.tgz"
  "version" "3.0.6"

"imsc@^1.0.1-rc.1":
  "integrity" "sha512-ZhGFQT7uCM54UHOUY74u5AZzloT8RZVNT7vuOM2cVj+VI0mt+mxa8pBgZl56C7pw+LoY2SCMP6Y0+qSljLevjA=="
  "resolved" "https://registry.npmjs.org/imsc/-/imsc-1.1.2.tgz"
  "version" "1.1.2"
  dependencies:
    "sax" "1.2.1"

"inflight@^1.0.4":
  "integrity" "sha1-Sb1jMdfQLQwJvJEKEHW6gWW1bfk="
  "resolved" "https://registry.npmjs.org/inflight/-/inflight-1.0.6.tgz"
  "version" "1.0.6"
  dependencies:
    "once" "^1.3.0"
    "wrappy" "1"

"inherits@~2.0.1", "inherits@~2.0.3", "inherits@2":
  "integrity" "sha512-k/vGaX4/Yla3WzyMCvTQOXYeIHvqOKtnqBduzTHpzpQZzAskKMhZ2K+EnBiSM9zGSoIFeMpXKxa4dYeZIQqewQ=="
  "resolved" "https://registry.npmjs.org/inherits/-/inherits-2.0.4.tgz"
  "version" "2.0.4"

"interpret@^1.0.0":
  "integrity" "sha512-agE4QfB2Lkp9uICn7BAqoscw4SZP9kTE2hxiFI3jBPmXJfdqiahTbUuKGsMoN2GtqL9AxhYioAcVvgsb1HvRbA=="
  "resolved" "https://registry.npmjs.org/interpret/-/interpret-1.4.0.tgz"
  "version" "1.4.0"

"ionicons@^4.6.3":
  "integrity" "sha512-cgP+VIr2cTJpMfFyVHTerq6n2jeoiGboVoe3GlaAo5zoSBDAEXORwUZhv6m+lCyxlsHCS3nqPUE+MKyZU71t8Q=="
  "resolved" "https://registry.npmjs.org/ionicons/-/ionicons-4.6.3.tgz"
  "version" "4.6.3"

"is-core-module@^2.2.0":
  "integrity" "sha512-vd15qHsaqrRL7dtH6QNuy0ndJmRDrS9HAM1CAiSifNUFv4x1a0CCVsj18hJ1mShxIG6T2i1sO78MkP56r0nYRw=="
  "resolved" "https://registry.npmjs.org/is-core-module/-/is-core-module-2.8.0.tgz"
  "version" "2.8.0"
  dependencies:
    "has" "^1.0.3"

"isarray@~1.0.0":
  "integrity" "sha1-u5NdSFgsuhaMBoNJV6VKPgcSTxE="
  "resolved" "https://registry.npmjs.org/isarray/-/isarray-1.0.0.tgz"
  "version" "1.0.0"

"isexe@^2.0.0":
  "integrity" "sha1-6PvzdNxVb/iUehDcsFctYz8s+hA="
  "resolved" "https://registry.npmjs.org/isexe/-/isexe-2.0.0.tgz"
  "version" "2.0.0"

"isomorphic-unfetch@^3.0.0":
  "integrity" "sha512-geDJjpoZ8N0kWexiwkX8F9NkTsXhetLPVbZFQ+JTW239QNOwvB0gniuR1Wc6f0AMTn7/mFGyXvHTifrCp/GH8Q=="
  "resolved" "https://registry.npmjs.org/isomorphic-unfetch/-/isomorphic-unfetch-3.1.0.tgz"
  "version" "3.1.0"
  dependencies:
    "node-fetch" "^2.6.1"
    "unfetch" "^4.2.0"

"jquery-ui-dist@^1.12.1", "jquery-ui-dist@1.12.1":
  "integrity" "sha1-XAgV08xvkP9fqvWyaKbiO0ypBPo="
  "resolved" "https://registry.npmjs.org/jquery-ui-dist/-/jquery-ui-dist-1.12.1.tgz"
  "version" "1.12.1"

"jquery@^3.5.0":
  "integrity" "sha512-JVzAR/AjBvVt2BmYhxRCSYysDsPcssdmTFnzyLEts9qNwmjmu4JTAMYubEfwVOSwpQ1I1sKKFcxhZCI2buerfw=="
  "resolved" "https://registry.npmjs.org/jquery/-/jquery-3.6.0.tgz"
  "version" "3.6.0"

"jquery@3.2.1":
  "integrity" "sha1-XE2d5lKvbNCncBVKYxu6ErAVx4c="
  "resolved" "https://registry.npmjs.org/jquery/-/jquery-3.2.1.tgz"
  "version" "3.2.1"

"jquery@3.5.0":
  "integrity" "sha512-Xb7SVYMvygPxbFMpTFQiHh1J7HClEaThguL15N/Gg37Lri/qKyhRGZYzHRyLH8Stq3Aow0LsHO2O2ci86fCrNQ=="
  "resolved" "https://registry.npmjs.org/jquery/-/jquery-3.5.0.tgz"
  "version" "3.5.0"

"json-schema-traverse@^0.4.1":
  "integrity" "sha512-xbbCH5dCYU5T8LcEhhuh7HJ88HXuW3qsI3Y0zOZFKfZEHcpWiHU/Jxzk629Brsab/mMiHQti9wMP+845RPe3Vg=="
  "resolved" "https://registry.npmjs.org/json-schema-traverse/-/json-schema-traverse-0.4.1.tgz"
  "version" "0.4.1"

"json5@^1.0.1":
  "integrity" "sha512-aKS4WQjPenRxiQsC93MNfjx+nbF4PAdYzmd/1JIj8HYzqfbu86beTuNgXDzPknWk0n0uARlyewZo4s++ES36Ow=="
  "resolved" "https://registry.npmjs.org/json5/-/json5-1.0.1.tgz"
  "version" "1.0.1"
  dependencies:
    "minimist" "^1.2.0"

"json5@^2.1.2":
  "integrity" "sha512-f+8cldu7X/y7RAJurMEJmdoKXGB/X550w2Nr3tTbezL6RwEE/iMcm+tZnXeoZtKuOq6ft8+CqzEkrIgx1fPoQA=="
  "resolved" "https://registry.npmjs.org/json5/-/json5-2.2.0.tgz"
  "version" "2.2.0"
  dependencies:
    "minimist" "^1.2.5"

"jsviews@0.9.83":
  "integrity" "sha1-BpsFEigz0jFVzDziwtn7LPeJqYo="
  "resolved" "https://registry.npmjs.org/jsviews/-/jsviews-0.9.83.tgz"
  "version" "0.9.83"

"jszip@*", "jszip@^3.1.5", "jszip@^3.2.2":
  "integrity" "sha512-ghL0tz1XG9ZEmRMcEN2vt7xabrDdqHHeykgARpmZ0BiIctWxM47Vt63ZO2dnp4QYt/xJVLLy5Zv1l/xRdh2byg=="
  "resolved" "https://registry.npmjs.org/jszip/-/jszip-3.7.1.tgz"
  "version" "3.7.1"
  dependencies:
    "lie" "~3.3.0"
    "pako" "~1.0.2"
    "readable-stream" "~2.3.6"
    "set-immediate-shim" "~1.0.1"

"klona@^2.0.4":
  "integrity" "sha512-pJiBpiXMbt7dkzXe8Ghj/u4FfXOOa98fPW+bihOJ4SjnoijweJrNThJfd3ifXpXhREjpoF2mZVH1GfS9LV3kHQ=="
  "resolved" "https://registry.npmjs.org/klona/-/klona-2.0.5.tgz"
  "version" "2.0.5"

"less-loader@^7.3.0":
  "integrity" "sha512-Mi8915g7NMaLlgi77mgTTQvK022xKRQBIVDSyfl3ErTuBhmZBQab0mjeJjNNqGbdR+qrfTleKXqbGI4uEFavxg=="
  "resolved" "https://registry.npmjs.org/less-loader/-/less-loader-7.3.0.tgz"
  "version" "7.3.0"
  dependencies:
    "klona" "^2.0.4"
    "loader-utils" "^2.0.0"
    "schema-utils" "^3.0.0"

"lie@~3.3.0":
  "integrity" "sha512-UaiMJzeWRlEujzAuw5LokY1L5ecNQYZKfmyZ9L7wDHb/p5etKaxXhohBcrw0EYby+G/NA52vRSN4N39dxHAIwQ=="
  "resolved" "https://registry.npmjs.org/lie/-/lie-3.3.0.tgz"
  "version" "3.3.0"
  dependencies:
    "immediate" "~3.0.5"

"lie@3.1.1":
  "integrity" "sha1-mkNrLMd0bKWd56QfpGmz77dr2H4="
  "resolved" "https://registry.npmjs.org/lie/-/lie-3.1.1.tgz"
  "version" "3.1.1"
  dependencies:
    "immediate" "~3.0.5"

"loader-utils@^1.0.0":
  "integrity" "sha512-qH0WSMBtn/oHuwjy/NucEgbx5dbxxnxup9s4PVXJUDHZBQY+s0NWA9rJf53RBnQZxfch7euUui7hpoAPvALZdA=="
  "resolved" "https://registry.npmjs.org/loader-utils/-/loader-utils-1.4.0.tgz"
  "version" "1.4.0"
  dependencies:
    "big.js" "^5.2.2"
    "emojis-list" "^3.0.0"
    "json5" "^1.0.1"

"loader-utils@^2.0.0":
  "integrity" "sha512-TM57VeHptv569d/GKh6TAYdzKblwDNiumOdkFnejjD0XwTH87K90w3O7AiJRqdQoXygvi1VQTJTLGhJl7WqA7A=="
  "resolved" "https://registry.npmjs.org/loader-utils/-/loader-utils-2.0.2.tgz"
  "version" "2.0.2"
  dependencies:
    "big.js" "^5.2.2"
    "emojis-list" "^3.0.0"
    "json5" "^2.1.2"

"localforage@*", "localforage@^1.7.2":
  "integrity" "sha512-14/H1aX7hzBBmmh7sGPd+AOMkkIrHM3Z1PAyGgZigA1H1p5O5ANnMyWzvpAETtG68/dC4pC0ncy3+PPGzXZHPg=="
  "resolved" "https://registry.npmjs.org/localforage/-/localforage-1.10.0.tgz"
  "version" "1.10.0"
  dependencies:
    "lie" "3.1.1"

"lodash@^4.17.10", "lodash@^4.17.21":
  "integrity" "sha512-v2kDEe57lecTulaDIuNTPy3Ry4gLGJ6Z1O3vE1krgXZNrsQ+LFTGHVxVjcXPs17LhbZVGedAJv8XZ1tvj5FvSg=="
  "resolved" "https://registry.npmjs.org/lodash/-/lodash-4.17.21.tgz"
  "version" "4.17.21"

"lru-cache@^6.0.0":
  "integrity" "sha512-Jo6dJ04CmSjuznwJSS3pUeWmd/H0ffTlkXXgwZi+eq1UCmqQwCh+eLsYOYCwY991i2Fah4h1BEMCx4qThGbsiA=="
  "resolved" "https://registry.npmjs.org/lru-cache/-/lru-cache-6.0.0.tgz"
  "version" "6.0.0"
  dependencies:
    "yallist" "^4.0.0"

"manifesto.js@^4.2.4", "manifesto.js@4.2.4":
  "integrity" "sha512-Kfa3RSFnWeLTmzpkRQu/WM1275cx859rzwQO0wiRVo3Kl3yjbyV7QPzZkLCqgaL76gOarfYe28t1EDytgGpL9A=="
  "resolved" "https://registry.npmjs.org/manifesto.js/-/manifesto.js-4.2.4.tgz"
  "version" "4.2.4"
  dependencies:
    "@edsilv/http-status-codes" "^1.0.3"
    "@iiif/vocabulary" "^1.0.20"
    "isomorphic-unfetch" "^3.0.0"
    "lodash" "^4.17.21"

"manifesto.js@4.0.1":
  "integrity" "sha512-COHlq5zd+qWk7rP1iWAbSN9aMw+xPpSgKl9MVvvT3RP8J7mvY4wVsifyJTPdpJBV2k8hjjvACET/Qz2tzVwcqw=="
  "resolved" "https://registry.npmjs.org/manifesto.js/-/manifesto.js-4.0.1.tgz"
  "version" "4.0.1"
  dependencies:
    "@edsilv/http-status-codes" "^1.0.3"
    "@iiif/vocabulary" "^1.0.11"
    "isomorphic-unfetch" "^3.0.0"

"marks-pane@^1.0.9":
  "integrity" "sha512-Ahs4oeG90tbdPWwAJkAAoHg2lRR8lAs9mZXETNPO9hYg3AkjUJBKi1NQ4aaIQZVGrig7c/3NUV1jANl8rFTeMg=="
  "resolved" "https://registry.npmjs.org/marks-pane/-/marks-pane-1.0.9.tgz"
  "version" "1.0.9"

"mediaelement-plugins@2.5.1":
  "integrity" "sha512-I4gcdmSDkfutKGV8WOat5NW60pnv4OdYNDfmWtRTJ3hGTxzJpRUNFL/qaHWv7ueTschzSPoYgZj1kc4f/4UjLw=="
  "resolved" "https://registry.npmjs.org/mediaelement-plugins/-/mediaelement-plugins-2.5.1.tgz"
  "version" "2.5.1"
  dependencies:
    "global" "^4.3.1"
    "mediaelement" "^4.0.7"

"mediaelement@^4.0.7", "mediaelement@4.2.15":
  "integrity" "sha512-WMdzx6Vwzqpby6ooLiCpB/EZyWKtmlWrp9nr325ORJP58mv1FyLcT/1U2LDLXruLp+E/9R9kIdJkfGGnsi6rLg=="
  "resolved" "https://registry.npmjs.org/mediaelement/-/mediaelement-4.2.15.tgz"
  "version" "4.2.15"
  dependencies:
    "global" "^4.3.1"

"mime-db@1.51.0":
  "integrity" "sha512-5y8A56jg7XVQx2mbv1lu49NR4dokRnhZYTtL+KGfaa27uq4pSTXkwQkFJl4pkRMyNFz/EtYDSkiiEHx3F7UN6g=="
  "resolved" "https://registry.npmjs.org/mime-db/-/mime-db-1.51.0.tgz"
  "version" "1.51.0"

"mime-types@^2.1.27":
  "integrity" "sha512-6cP692WwGIs9XXdOO4++N+7qjqv0rqxxVvJ3VHPh/Sc9mVZcQP+ZGhkKiTvWMQRr2tbHkJP/Yn7Y0npb3ZBs4A=="
  "resolved" "https://registry.npmjs.org/mime-types/-/mime-types-2.1.34.tgz"
  "version" "2.1.34"
  dependencies:
    "mime-db" "1.51.0"

"min-document@^2.19.0":
  "integrity" "sha1-e9KC4/WELtKVu3SM3Z8f+iyCRoU="
  "resolved" "https://registry.npmjs.org/min-document/-/min-document-2.19.0.tgz"
  "version" "2.19.0"
  dependencies:
    "dom-walk" "^0.1.0"

"minimatch@^3.0.4":
  "integrity" "sha512-yJHVQEhyqPLUTgt9B83PXu6W3rx4MvvHvSUvToogpwoGDOUQ+yDrR0HRot+yOCdCO7u4hX3pWft6kWBBcqh0UA=="
  "resolved" "https://registry.npmjs.org/minimatch/-/minimatch-3.0.4.tgz"
  "version" "3.0.4"
  dependencies:
    "brace-expansion" "^1.1.7"

"minimist@^1.2.0", "minimist@^1.2.3", "minimist@^1.2.5":
  "integrity" "sha512-FM9nNUYrRBAELZQT3xeZQ7fmMOBg6nWNmJKTcgsJeaLstP/UODVpGsr5OhXhhXg6f+qtJ8uiZ+PUxkDWcgIXLw=="
  "resolved" "https://registry.npmjs.org/minimist/-/minimist-1.2.5.tgz"
  "version" "1.2.5"

"nanoid@^3.1.30":
  "integrity" "sha512-zJpuPDwOv8D2zq2WRoMe1HsfZthVewpel9CAvTfc/2mBD1uUT/agc5f7GHGWXlYkFvi1mVxe4IjvP2HNrop7nQ=="
  "resolved" "https://registry.npmjs.org/nanoid/-/nanoid-3.1.30.tgz"
  "version" "3.1.30"

"next-tick@~1.0.0":
  "integrity" "sha1-yobR/ogoFpsBICCOPchCS524NCw="
  "resolved" "https://registry.npmjs.org/next-tick/-/next-tick-1.0.0.tgz"
  "version" "1.0.0"

"node-ensure@^0.0.0":
  "integrity" "sha1-7K52QVDemYYexcgQ/V0Jaxg5Mqc="
  "resolved" "https://registry.npmjs.org/node-ensure/-/node-ensure-0.0.0.tgz"
  "version" "0.0.0"

"node-fetch@^2.6.1":
  "integrity" "sha512-Z8/6vRlTUChSdIgMa51jxQ4lrw/Jy5SOW10ObaA47/RElsAN2c5Pn8bTgFGWn/ibwzXTE8qwr1Yzx28vsecXEA=="
  "resolved" "https://registry.npmjs.org/node-fetch/-/node-fetch-2.6.6.tgz"
  "version" "2.6.6"
  dependencies:
    "whatwg-url" "^5.0.0"

"objectid-js@1.0.2":
  "integrity" "sha1-Z8dT9aeZgIUly9kykFiG7bMuCJ8="
  "resolved" "https://registry.npmjs.org/objectid-js/-/objectid-js-1.0.2.tgz"
  "version" "1.0.2"

"once@^1.3.0":
  "integrity" "sha1-WDsap3WWHUsROsF9nFC6753Xa9E="
  "resolved" "https://registry.npmjs.org/once/-/once-1.4.0.tgz"
  "version" "1.4.0"
  dependencies:
    "wrappy" "1"

"openseadragon@2.4.2":
  "integrity" "sha512-398KbZwRtOYA6OmeWRY4Q0737NTacQ9Q6whmr9Lp1MNQO3p0eBz5LIASRne+4gwequcSM1vcHcjfy3dIndQziw=="
  "resolved" "https://registry.npmjs.org/openseadragon/-/openseadragon-2.4.2.tgz"
  "version" "2.4.2"

"pako@~1.0.2":
  "integrity" "sha512-4hLB8Py4zZce5s4yd9XzopqwVv/yGNhV1Bl8NTmCq1763HeK2+EwVTv+leGeL13Dnh2wfbqowVPXCIO0z4taYw=="
  "resolved" "https://registry.npmjs.org/pako/-/pako-1.0.11.tgz"
  "version" "1.0.11"

"path-is-absolute@^1.0.0":
  "integrity" "sha1-F0uSaHNVNP+8es5r9TpanhtcX18="
  "resolved" "https://registry.npmjs.org/path-is-absolute/-/path-is-absolute-1.0.1.tgz"
  "version" "1.0.1"

"path-key@^3.1.0":
  "integrity" "sha512-ojmeN0qd+y0jszEtoY48r0Peq5dwMEkIlCOu6Q5f41lfkswXuKtYrhgoTpLnyIcHm24Uhqx+5Tqm2InSwLhE6Q=="
  "resolved" "https://registry.npmjs.org/path-key/-/path-key-3.1.1.tgz"
  "version" "3.1.1"

"path-parse@^1.0.6":
  "integrity" "sha512-LDJzPVEEEPR+y48z93A0Ed0yXb8pAByGWo/k5YYdYgpY2/2EsOsksJrq7lOHxryrVOn1ejG6oAp8ahvOIQD8sw=="
  "resolved" "https://registry.npmjs.org/path-parse/-/path-parse-1.0.7.tgz"
  "version" "1.0.7"

"path-webpack@0.0.3":
  "integrity" "sha1-/23sdJ7sWpRgXATV9j/FVgegOhY="
  "resolved" "https://registry.npmjs.org/path-webpack/-/path-webpack-0.0.3.tgz"
  "version" "0.0.3"

"pdfjs-dist@2.0.161":
  "integrity" "sha1-TVKSOhgK7k4EPOuMJTsW4+v1D3Q="
  "resolved" "https://registry.npmjs.org/pdfjs-dist/-/pdfjs-dist-2.0.161.tgz"
  "version" "2.0.161"
  dependencies:
    "node-ensure" "^0.0.0"
    "worker-loader" "^1.0.0"

"pdfobject@2.1.1":
  "integrity" "sha512-QFktTHyjs4q/WhGFfV2RdAbscPdNkyQb/JfFz18cwILvs9ocDiYVFAEh/jgkKGv6my+r4nlbLjwj7BHFKAupHQ=="
  "resolved" "https://registry.npmjs.org/pdfobject/-/pdfobject-2.1.1.tgz"
  "version" "2.1.1"

"picocolors@^1.0.0":
  "integrity" "sha512-1fygroTLlHu66zi26VoTDv8yRgm0Fccecssto+MhsZ0D/DGW2sm8E8AjW7NU5VVTRt5GxbeZ5qBuJr+HyLYkjQ=="
  "resolved" "https://registry.npmjs.org/picocolors/-/picocolors-1.0.0.tgz"
  "version" "1.0.0"

"postcss-modules-extract-imports@^3.0.0":
  "integrity" "sha512-bdHleFnP3kZ4NYDhuGlVK+CMrQ/pqUm8bx/oGL93K6gVwiclvX5x0n76fYMKuIGKzlABOy13zsvqjb0f92TEXw=="
  "resolved" "https://registry.npmjs.org/postcss-modules-extract-imports/-/postcss-modules-extract-imports-3.0.0.tgz"
  "version" "3.0.0"

"postcss-modules-local-by-default@^4.0.0":
  "integrity" "sha512-sT7ihtmGSF9yhm6ggikHdV0hlziDTX7oFoXtuVWeDd3hHObNkcHRo9V3yg7vCAY7cONyxJC/XXCmmiHHcvX7bQ=="
  "resolved" "https://registry.npmjs.org/postcss-modules-local-by-default/-/postcss-modules-local-by-default-4.0.0.tgz"
  "version" "4.0.0"
  dependencies:
    "icss-utils" "^5.0.0"
    "postcss-selector-parser" "^6.0.2"
    "postcss-value-parser" "^4.1.0"

"postcss-modules-scope@^3.0.0":
  "integrity" "sha512-hncihwFA2yPath8oZ15PZqvWGkWf+XUfQgUGamS4LqoP1anQLOsOJw0vr7J7IwLpoY9fatA2qiGUGmuZL0Iqlg=="
  "resolved" "https://registry.npmjs.org/postcss-modules-scope/-/postcss-modules-scope-3.0.0.tgz"
  "version" "3.0.0"
  dependencies:
    "postcss-selector-parser" "^6.0.4"

"postcss-modules-values@^4.0.0":
  "integrity" "sha512-RDxHkAiEGI78gS2ofyvCsu7iycRv7oqw5xMWn9iMoR0N/7mf9D50ecQqUo5BZ9Zh2vH4bCUR/ktCqbB9m8vJjQ=="
  "resolved" "https://registry.npmjs.org/postcss-modules-values/-/postcss-modules-values-4.0.0.tgz"
  "version" "4.0.0"
  dependencies:
    "icss-utils" "^5.0.0"

"postcss-selector-parser@^6.0.2", "postcss-selector-parser@^6.0.4":
  "integrity" "sha512-9LXrvaaX3+mcv5xkg5kFwqSzSH1JIObIx51PrndZwlmznwXRfxMddDvo9gve3gVR8ZTKgoFDdWkbRFmEhT4PMg=="
  "resolved" "https://registry.npmjs.org/postcss-selector-parser/-/postcss-selector-parser-6.0.6.tgz"
  "version" "6.0.6"
  dependencies:
    "cssesc" "^3.0.0"
    "util-deprecate" "^1.0.2"

"postcss-value-parser@^4.1.0":
  "integrity" "sha512-97DXOFbQJhk71ne5/Mt6cOu6yxsSfM0QGQyl0L25Gca4yGWEGJaig7l7gbCX623VqTBNGLRLaVUCnNkcedlRSQ=="
  "resolved" "https://registry.npmjs.org/postcss-value-parser/-/postcss-value-parser-4.1.0.tgz"
  "version" "4.1.0"

"postcss@^8.1.0", "postcss@^8.2.15":
  "integrity" "sha512-hCmlUAIlUiav8Xdqw3Io4LcpA1DOt7h3LSTAC4G6JGHFFaWzI6qvFt9oilvl8BmkbBRX1IhM90ZAmpk68zccQA=="
  "resolved" "https://registry.npmjs.org/postcss/-/postcss-8.3.11.tgz"
  "version" "8.3.11"
  dependencies:
    "nanoid" "^3.1.30"
    "picocolors" "^1.0.0"
    "source-map-js" "^0.6.2"

"process-nextick-args@~2.0.0":
  "integrity" "sha512-3ouUOpQhtgrbOa17J7+uxOTpITYWaGP7/AhoR3+A+/1e9skrzelGi/dXzEYyvbxubEF6Wn2ypscTKiKJFFn1ag=="
  "resolved" "https://registry.npmjs.org/process-nextick-args/-/process-nextick-args-2.0.1.tgz"
  "version" "2.0.1"

"process@^0.11.10":
  "integrity" "sha1-czIwDoQBYb2j5podHZGn1LwW8YI="
  "resolved" "https://registry.npmjs.org/process/-/process-0.11.10.tgz"
  "version" "0.11.10"

"punycode@^2.1.0":
  "integrity" "sha512-XRsRjdf+j5ml+y/6GKHPZbrF/8p2Yga0JPtdqTIY2Xe5ohJPD9saDJJLPvp9+NSBprVvevdXZybnj2cv8OEd0A=="
  "resolved" "https://registry.npmjs.org/punycode/-/punycode-2.1.1.tgz"
  "version" "2.1.1"

"readable-stream@^2.0.2", "readable-stream@~2.3.6":
  "integrity" "sha512-Ebho8K4jIbHAxnuxi7o42OrZgF/ZTNcsZj6nRKyUmkhLFq8CHItp/fy6hQZuZmP/n3yZ9VBUbp4zz/mX8hmYPw=="
  "resolved" "https://registry.npmjs.org/readable-stream/-/readable-stream-2.3.7.tgz"
  "version" "2.3.7"
  dependencies:
    "core-util-is" "~1.0.0"
    "inherits" "~2.0.3"
    "isarray" "~1.0.0"
    "process-nextick-args" "~2.0.0"
    "safe-buffer" "~5.1.1"
    "string_decoder" "~1.1.1"
    "util-deprecate" "~1.0.1"

"rechoir@^0.6.2":
  "integrity" "sha1-hSBLVNuoLVdC4oyWdW70OvUOM4Q="
  "resolved" "https://registry.npmjs.org/rechoir/-/rechoir-0.6.2.tgz"
  "version" "0.6.2"
  dependencies:
    "resolve" "^1.1.6"

"redux-logger@3.0.6":
  "integrity" "sha1-91VZZvMJjzyIYExEnPC69XeCdL8="
  "resolved" "https://registry.npmjs.org/redux-logger/-/redux-logger-3.0.6.tgz"
  "version" "3.0.6"
  dependencies:
    "deep-diff" "^0.3.5"

"redux-thunk@2.3.0":
  "integrity" "sha512-km6dclyFnmcvxhAcrQV2AkZmPQjzPDjgVlQtR0EQjxZPyJ0BnMf3in1ryuR8A2qU0HldVRfxYXbFSKlI3N7Slw=="
  "resolved" "https://registry.npmjs.org/redux-thunk/-/redux-thunk-2.3.0.tgz"
  "version" "2.3.0"

"redux@^4.0.1":
  "integrity" "sha512-SH8PglcebESbd/shgf6mii6EIoRM0zrQyjcuQ+ojmfxjTtE0z9Y8pa62iA/OJ58qjP6j27uyW4kUF4jl/jd6sw=="
  "resolved" "https://registry.npmjs.org/redux/-/redux-4.1.2.tgz"
  "version" "4.1.2"
  dependencies:
    "@babel/runtime" "^7.9.2"

"regenerator-runtime@^0.13.4":
  "integrity" "sha512-p3VT+cOEgxFsRRA9X4lkI1E+k2/CtnKtU4gcxyaCUreilL/vqI6CdZ3wxVUx3UOUg+gnUOQQcRI7BmSI656MYA=="
  "resolved" "https://registry.npmjs.org/regenerator-runtime/-/regenerator-runtime-0.13.9.tgz"
  "version" "0.13.9"

"resolve@^1.1.6":
  "integrity" "sha512-wENBPt4ySzg4ybFQW2TT1zMQucPK95HSh/nq2CFTZVOGut2+pQvSsgtda4d26YrYcr067wjbmzOG8byDPBX63A=="
  "resolved" "https://registry.npmjs.org/resolve/-/resolve-1.20.0.tgz"
  "version" "1.20.0"
  dependencies:
    "is-core-module" "^2.2.0"
    "path-parse" "^1.0.6"

"round10@^1.0.3":
  "integrity" "sha1-hhEPRqEIdKGTHaf91eBtGFeo5NA="
  "resolved" "https://registry.npmjs.org/round10/-/round10-1.0.3.tgz"
  "version" "1.0.3"

"safe-buffer@~5.1.0":
  "integrity" "sha512-Gd2UZBJDkXlY7GbJxfsE8/nvKkUEU1G38c1siN6QP6a9PT9MmHB8GnpscSmMJSoF8LOIrt8ud/wPtojys4G6+g=="
  "resolved" "https://registry.npmjs.org/safe-buffer/-/safe-buffer-5.1.2.tgz"
  "version" "5.1.2"

"safe-buffer@~5.1.1":
  "integrity" "sha512-Gd2UZBJDkXlY7GbJxfsE8/nvKkUEU1G38c1siN6QP6a9PT9MmHB8GnpscSmMJSoF8LOIrt8ud/wPtojys4G6+g=="
  "resolved" "https://registry.npmjs.org/safe-buffer/-/safe-buffer-5.1.2.tgz"
  "version" "5.1.2"

"sax@1.2.1":
  "integrity" "sha1-e45lYZCyKOgaZq6nSEgNgozS03o="
  "resolved" "https://registry.npmjs.org/sax/-/sax-1.2.1.tgz"
  "version" "1.2.1"

"schema-utils@^0.4.0":
  "integrity" "sha512-v/iwU6wvwGK8HbU9yi3/nhGzP0yGSuhQMzL6ySiec1FSrZZDkhm4noOSWzrNFo/jEc+SJY6jRTwuwbSXJPDUnQ=="
  "resolved" "https://registry.npmjs.org/schema-utils/-/schema-utils-0.4.7.tgz"
  "version" "0.4.7"
  dependencies:
    "ajv" "^6.1.0"
    "ajv-keywords" "^3.1.0"

"schema-utils@^3.0.0":
  "integrity" "sha512-Y5PQxS4ITlC+EahLuXaY86TXfR7Dc5lw294alXOq86JAHCihAIZfqv8nNCWvaEJvaC51uN9hbLGeV0cFBdH+Fw=="
  "resolved" "https://registry.npmjs.org/schema-utils/-/schema-utils-3.1.1.tgz"
  "version" "3.1.1"
  dependencies:
    "@types/json-schema" "^7.0.8"
    "ajv" "^6.12.5"
    "ajv-keywords" "^3.5.2"

"semver@^7.3.5":
  "integrity" "sha512-PoeGJYh8HK4BTO/a9Tf6ZG3veo/A7ZVsYrSA6J8ny9nb3B1VrpkuN+z9OE5wfE5p6H4LchYZsegiQgbJD94ZFQ=="
  "resolved" "https://registry.npmjs.org/semver/-/semver-7.3.5.tgz"
  "version" "7.3.5"
  dependencies:
    "lru-cache" "^6.0.0"

"set-immediate-shim@~1.0.1":
  "integrity" "sha1-SysbJ+uAip+NzEgaWOXlb1mfP2E="
  "resolved" "https://registry.npmjs.org/set-immediate-shim/-/set-immediate-shim-1.0.1.tgz"
  "version" "1.0.1"

"shebang-command@^2.0.0":
  "integrity" "sha512-kHxr2zZpYtdmrN1qDjrrX/Z1rR1kG8Dx+gkpK1G4eXmvXswmcE1hTWBWYUzlraYw1/yZp6YuDY77YtvbN0dmDA=="
  "resolved" "https://registry.npmjs.org/shebang-command/-/shebang-command-2.0.0.tgz"
  "version" "2.0.0"
  dependencies:
    "shebang-regex" "^3.0.0"

"shebang-regex@^3.0.0":
  "integrity" "sha512-7++dFhtcx3353uBaq8DDR4NuxBetBzC7ZQOhmTQInHEd6bSrXdiEyzCvG07Z44UYdLShWUyXt5M/yhz8ekcb1A=="
  "resolved" "https://registry.npmjs.org/shebang-regex/-/shebang-regex-3.0.0.tgz"
  "version" "3.0.0"

"shelljs@^0.8.4":
  "integrity" "sha512-7gk3UZ9kOfPLIAbslLzyWeGiEqx9e3rxwZM0KE6EL8GlGwjym9Mrlx5/p33bWTu9YG6vcS4MBxYZDHYr5lr8BQ=="
  "resolved" "https://registry.npmjs.org/shelljs/-/shelljs-0.8.4.tgz"
  "version" "0.8.4"
  dependencies:
    "glob" "^7.0.0"
    "interpret" "^1.0.0"
    "rechoir" "^0.6.2"

"shx@^0.3.3":
  "integrity" "sha512-nZJ3HFWVoTSyyB+evEKjJ1STiixGztlqwKLTUNV5KqMWtGey9fTd4KU1gdZ1X9BV6215pswQ/Jew9NsuS/fNDA=="
  "resolved" "https://registry.npmjs.org/shx/-/shx-0.3.3.tgz"
  "version" "0.3.3"
  dependencies:
    "minimist" "^1.2.3"
    "shelljs" "^0.8.4"

"slideatlas-viewer@4.4.1":
  "integrity" "sha512-cic6hUNvg9sh/J8/mMAoi9uBr5/GjGG+va5aFvz66dUDZDMtm/p51FTIlm5jDtKB9Bm7qMZ4kcCnDM/XjNb/0Q=="
  "resolved" "https://registry.npmjs.org/slideatlas-viewer/-/slideatlas-viewer-4.4.1.tgz"
  "version" "4.4.1"
  dependencies:
    "file-saver" "1.3.3"
    "gl-matrix" "2.3.2"
    "jquery" "3.2.1"
    "jquery-ui-dist" "1.12.1"
    "objectid-js" "1.0.2"
    "spectrum-colorpicker" "1.8.0"

"source-map-js@^0.6.2":
  "integrity" "sha512-/3GptzWzu0+0MBQFrDKzw/DvvMTUORvgY6k6jd/VS6iCR4RDTKWH6v6WPwQoUO8667uQEf9Oe38DxAYWY5F/Ug=="
  "resolved" "https://registry.npmjs.org/source-map-js/-/source-map-js-0.6.2.tgz"
  "version" "0.6.2"

"spectrum-colorpicker@1.8.0":
  "integrity" "sha1-uSbPUALAp3hgtfg1HhwJPGUgAQc="
  "resolved" "https://registry.npmjs.org/spectrum-colorpicker/-/spectrum-colorpicker-1.8.0.tgz"
  "version" "1.8.0"

"stream-browserify@^2.0.1":
  "integrity" "sha512-nX6hmklHs/gr2FuxYDltq8fJA1GDlxKQCz8O/IM4atRqBH8OORmBNgfvW5gG10GT/qQ9u0CzIvr2X5Pkt6ntqg=="
  "resolved" "https://registry.npmjs.org/stream-browserify/-/stream-browserify-2.0.2.tgz"
  "version" "2.0.2"
  dependencies:
    "inherits" "~2.0.1"
    "readable-stream" "^2.0.2"

"string_decoder@~1.1.1":
  "integrity" "sha512-n/ShnvDi6FHbbVfviro+WojiFzv+s8MPMHBczVePfUpDJLwoLT0ht1l4YwBCbi8pJAveEEdnkHyPyTP/mzRfwg=="
  "resolved" "https://registry.npmjs.org/string_decoder/-/string_decoder-1.1.1.tgz"
  "version" "1.1.1"
  dependencies:
    "safe-buffer" "~5.1.0"

"style-loader@^2.0.0":
  "integrity" "sha512-Z0gYUJmzZ6ZdRUqpg1r8GsaFKypE+3xAzuFeMuoHgjc9KZv3wMyCRjQIWEbhoFSq7+7yoHXySDJyyWQaPajeiQ=="
  "resolved" "https://registry.npmjs.org/style-loader/-/style-loader-2.0.0.tgz"
  "version" "2.0.0"
  dependencies:
    "loader-utils" "^2.0.0"
    "schema-utils" "^3.0.0"

"threejs-meshline@^2.0.11":
  "integrity" "sha512-2U3SyGWAotT/TJCO9NhBDiaAPUq8X+bgh7hK7fDlwoBg9yOPvjaVzIf8b0A60k7poNhEg225qWaX7WeYlUjC7g=="
  "resolved" "https://registry.npmjs.org/threejs-meshline/-/threejs-meshline-2.0.12.tgz"
  "version" "2.0.12"

"tr46@~0.0.3":
  "integrity" "sha1-gYT9NH2snNwYWZLzpmIuFLnZq2o="
  "resolved" "https://registry.npmjs.org/tr46/-/tr46-0.0.3.tgz"
  "version" "0.0.3"

"tslib@^1.10.0":
  "integrity" "sha512-Xni35NKzjgMrwevysHTCArtLDpPvye8zV/0E4EyYn43P7/7qvQwPh9BGkHewbMulVntbigmcT7rdX3BNo9wRJg=="
  "resolved" "https://registry.npmjs.org/tslib/-/tslib-1.14.1.tgz"
  "version" "1.14.1"

"type@^1.0.1":
  "integrity" "sha512-+5nt5AAniqsCnu2cEQQdpzCAh33kVx8n0VoFidKpB1dVVLAN/F+bgVOqOJqOnEnrhp222clB5p3vUlD+1QAnfg=="
  "resolved" "https://registry.npmjs.org/type/-/type-1.2.0.tgz"
  "version" "1.2.0"

"type@^2.5.0":
  "integrity" "sha512-180WMDQaIMm3+7hGXWf12GtdniDEy7nYcyFMKJn/eZz/6tSLXrUN9V0wKSbMjej0I1WHWbpREDEKHtqPQa9NNw=="
  "resolved" "https://registry.npmjs.org/type/-/type-2.5.0.tgz"
  "version" "2.5.0"

"unfetch@^4.2.0":
  "integrity" "sha512-F9p7yYCn6cIW9El1zi0HI6vqpeIvBsr3dSuRO6Xuppb1u5rXpCPmMvLSyECLhybr9isec8Ohl0hPekMVrEinDA=="
  "resolved" "https://registry.npmjs.org/unfetch/-/unfetch-4.2.0.tgz"
  "version" "4.2.0"

"universalviewer@^4.0.0-pre.64":
  "integrity" "sha512-UYYt0gRdCQ0PuFsVntWNIhQ3tfkBjRhrx2JOINwj6qQsebFfasZgfcalvh4mZRIYecDuWSGkrqzbbDJNxOZsuA=="
  "resolved" "https://registry.npmjs.org/universalviewer/-/universalviewer-4.0.0-pre.64.tgz"
  "version" "4.0.0-pre.64"
  dependencies:
    "@edsilv/http-status-codes" "1.0.3"
    "@edsilv/jquery-plugins" "^1.0.9"
    "@edsilv/key-codes" "1.0.0"
    "@edsilv/utils" "^1.0.2"
    "@google/model-viewer" "1.2.1"
    "@iiif/base-component" "2.0.1"
    "@iiif/iiif-av-component" "^1.1.7"
    "@iiif/iiif-gallery-component" "1.1.19"
    "@iiif/iiif-metadata-component" "^1.1.19"
    "@iiif/iiif-tree-component" "^2.0.3"
    "@iiif/manifold" "2.0.5"
    "@iiif/vocabulary" "^1.0.21"
    "@universalviewer/aleph" "0.0.15"
    "@universalviewer/uv-ebook-components" "1.0.2"
    "@webcomponents/webcomponentsjs" "^2.4.3"
    "jquery" "3.5.0"
    "jsviews" "0.9.83"
    "manifesto.js" "4.2.4"
    "mediaelement" "4.2.15"
    "mediaelement-plugins" "2.5.1"
    "openseadragon" "2.4.2"
    "pdfjs-dist" "2.0.161"
    "pdfobject" "2.1.1"
    "slideatlas-viewer" "4.4.1"
    "xss" "1.0.3"

"uri-js@^4.2.2":
  "integrity" "sha512-7rKUyy33Q1yc98pQ1DAmLtwX109F7TIfWlW1Ydo8Wl1ii1SeHieeh0HHfPeL2fMXK6z0s8ecKs9frCuLJvndBg=="
  "resolved" "https://registry.npmjs.org/uri-js/-/uri-js-4.4.1.tgz"
  "version" "4.4.1"
  dependencies:
    "punycode" "^2.1.0"

"url-loader@^4.1.1":
  "integrity" "sha512-3BTV812+AVHHOJQO8O5MkWgZ5aosP7GnROJwvzLS9hWDj00lZ6Z0wNak423Lp9PBZN05N+Jk/N5Si8jRAlGyWA=="
  "resolved" "https://registry.npmjs.org/url-loader/-/url-loader-4.1.1.tgz"
  "version" "4.1.1"
  dependencies:
    "loader-utils" "^2.0.0"
    "mime-types" "^2.1.27"
    "schema-utils" "^3.0.0"

"url-polyfill@^1.1.3":
  "integrity" "sha512-mYFmBHCapZjtcNHW0MDq9967t+z4Dmg5CJ0KqysK3+ZbyoNOWQHksGCTWwDhxGXllkWlOc10Xfko6v4a3ucM6A=="
  "resolved" "https://registry.npmjs.org/url-polyfill/-/url-polyfill-1.1.12.tgz"
  "version" "1.1.12"

"util-deprecate@^1.0.2", "util-deprecate@~1.0.1":
  "integrity" "sha1-RQ1Nyfpw3nMnYvvS1KKJgUGaDM8="
  "resolved" "https://registry.npmjs.org/util-deprecate/-/util-deprecate-1.0.2.tgz"
  "version" "1.0.2"

"waveform-data@^2.0.1":
  "integrity" "sha1-voCS8+DX7evAUOWzE8P5egaQRyw="
  "resolved" "https://registry.npmjs.org/waveform-data/-/waveform-data-2.0.2.tgz"
  "version" "2.0.2"

"webidl-conversions@^3.0.0":
  "integrity" "sha1-JFNCdeKnvGvnvIZhHMFq4KVlSHE="
  "resolved" "https://registry.npmjs.org/webidl-conversions/-/webidl-conversions-3.0.1.tgz"
  "version" "3.0.1"

"whatwg-url@^5.0.0":
  "integrity" "sha1-lmRU6HZUYuN2RNNib2dCzotwll0="
  "resolved" "https://registry.npmjs.org/whatwg-url/-/whatwg-url-5.0.0.tgz"
  "version" "5.0.0"
  dependencies:
    "tr46" "~0.0.3"
    "webidl-conversions" "^3.0.0"

"which@^2.0.1":
  "integrity" "sha512-BLI3Tl1TW3Pvl70l3yq3Y64i+awpwXqsGBYWkkqMtnbXgrMD+yj7rhW0kuEDxzJaYXGjEW5ogapKNMEKNMjibA=="
  "resolved" "https://registry.npmjs.org/which/-/which-2.0.2.tgz"
  "version" "2.0.2"
  dependencies:
    "isexe" "^2.0.0"

"worker-loader@^1.0.0":
  "integrity" "sha512-qJZLVS/jMCBITDzPo/RuweYSIG8VJP5P67mP/71alGyTZRe1LYJFdwLjLalY3T5ifx0bMDRD3OB6P2p1escvlg=="
  "resolved" "https://registry.npmjs.org/worker-loader/-/worker-loader-1.1.1.tgz"
  "version" "1.1.1"
  dependencies:
    "loader-utils" "^1.0.0"
    "schema-utils" "^0.4.0"

"wrappy@1":
  "integrity" "sha1-tSQ9jz7BqjXxNkYFvA0QNuMKtp8="
  "resolved" "https://registry.npmjs.org/wrappy/-/wrappy-1.0.2.tgz"
  "version" "1.0.2"

"xmldom@^0.1.27":
  "integrity" "sha512-yS2uJflVQs6n+CyjHoaBmVSqIDevTAWrzMmjG1Gc7h1qQ7uVozNhEPJAwZXWyGQ/Gafo3fCwrcaokezLPupVyQ=="
  "resolved" "https://registry.npmjs.org/xmldom/-/xmldom-0.1.31.tgz"
  "version" "0.1.31"

"xss@1.0.3":
  "integrity" "sha512-LTpz3jXPLUphMMmyufoZRSKnqMj41OVypZ8uYGzvjkMV9C1EdACrhQl/EM8Qfh5htSAuMIQFOejmKAZGkJfaCg=="
  "resolved" "https://registry.npmjs.org/xss/-/xss-1.0.3.tgz"
  "version" "1.0.3"
  dependencies:
    "commander" "^2.9.0"
    "cssfilter" "0.0.10"

"yallist@^4.0.0":
  "integrity" "sha512-3wdGidZyq5PB084XLES5TpOSRA3wjXAlIWMhum2kRcv/41Sn2emQ0dycQW4uZXLejwKvg6EsvbdlVL+FYEct7A=="
  "resolved" "https://registry.npmjs.org/yallist/-/yallist-4.0.0.tgz"
  "version" "4.0.0"
